// !$*UTF8*$!
{
	archiveVersion = 1;
	classes = {
	};
	objectVersion = 50;
	objects = {

/* Begin PBXBuildFile section */
		1B301F7020C734DC00F07805 /* CustomTextField.swift in Sources */ = {isa = PBXBuildFile; fileRef = 1B301F6F20C734DC00F07805 /* CustomTextField.swift */; };
		1BA4458C20C314F3000A4DE3 /* AppDelegate.swift in Sources */ = {isa = PBXBuildFile; fileRef = 1BA4458B20C314F3000A4DE3 /* AppDelegate.swift */; };
		1BA4458E20C314F3000A4DE3 /* MainVC.swift in Sources */ = {isa = PBXBuildFile; fileRef = 1BA4458D20C314F3000A4DE3 /* MainVC.swift */; };
		1BA4459120C314F3000A4DE3 /* Main.storyboard in Resources */ = {isa = PBXBuildFile; fileRef = 1BA4458F20C314F3000A4DE3 /* Main.storyboard */; };
		1BA4459420C314F3000A4DE3 /* DreamLister.xcdatamodeld in Sources */ = {isa = PBXBuildFile; fileRef = 1BA4459220C314F3000A4DE3 /* DreamLister.xcdatamodeld */; };
		1BA4459620C314F4000A4DE3 /* Assets.xcassets in Resources */ = {isa = PBXBuildFile; fileRef = 1BA4459520C314F4000A4DE3 /* Assets.xcassets */; };
		1BA4459920C314F4000A4DE3 /* LaunchScreen.storyboard in Resources */ = {isa = PBXBuildFile; fileRef = 1BA4459720C314F4000A4DE3 /* LaunchScreen.storyboard */; };
		1BA445A420C314F4000A4DE3 /* DreamListerTests.swift in Sources */ = {isa = PBXBuildFile; fileRef = 1BA445A320C314F4000A4DE3 /* DreamListerTests.swift */; };
		1BA445AF20C314F4000A4DE3 /* DreamListerUITests.swift in Sources */ = {isa = PBXBuildFile; fileRef = 1BA445AE20C314F4000A4DE3 /* DreamListerUITests.swift */; };
		1BA445D020C34E41000A4DE3 /* MaterialView.swift in Sources */ = {isa = PBXBuildFile; fileRef = 1BA445CF20C34E41000A4DE3 /* MaterialView.swift */; };
		1BA445D920C3570D000A4DE3 /* ItemType+CoreDataClass.swift in Sources */ = {isa = PBXBuildFile; fileRef = 1BA445D120C3570D000A4DE3 /* ItemType+CoreDataClass.swift */; };
		1BA445DA20C3570D000A4DE3 /* ItemType+CoreDataProperties.swift in Sources */ = {isa = PBXBuildFile; fileRef = 1BA445D220C3570D000A4DE3 /* ItemType+CoreDataProperties.swift */; };
		1BA445DB20C3570D000A4DE3 /* Item+CoreDataClass.swift in Sources */ = {isa = PBXBuildFile; fileRef = 1BA445D320C3570D000A4DE3 /* Item+CoreDataClass.swift */; };
		1BA445DC20C3570D000A4DE3 /* Item+CoreDataProperties.swift in Sources */ = {isa = PBXBuildFile; fileRef = 1BA445D420C3570D000A4DE3 /* Item+CoreDataProperties.swift */; };
		1BA445DD20C3570D000A4DE3 /* Store+CoreDataClass.swift in Sources */ = {isa = PBXBuildFile; fileRef = 1BA445D520C3570D000A4DE3 /* Store+CoreDataClass.swift */; };
		1BA445DE20C3570D000A4DE3 /* Store+CoreDataProperties.swift in Sources */ = {isa = PBXBuildFile; fileRef = 1BA445D620C3570D000A4DE3 /* Store+CoreDataProperties.swift */; };
		1BA445DF20C3570D000A4DE3 /* Image+CoreDataClass.swift in Sources */ = {isa = PBXBuildFile; fileRef = 1BA445D720C3570D000A4DE3 /* Image+CoreDataClass.swift */; };
		1BA445E020C3570D000A4DE3 /* Image+CoreDataProperties.swift in Sources */ = {isa = PBXBuildFile; fileRef = 1BA445D820C3570D000A4DE3 /* Image+CoreDataProperties.swift */; };
		1BA445E220C4077F000A4DE3 /* ItemCell.swift in Sources */ = {isa = PBXBuildFile; fileRef = 1BA445E120C4077F000A4DE3 /* ItemCell.swift */; };
		1BA445E520C72E5B000A4DE3 /* ItemsDetailsVC.swift in Sources */ = {isa = PBXBuildFile; fileRef = 1BA445E420C72E5B000A4DE3 /* ItemsDetailsVC.swift */; };
/* End PBXBuildFile section */

/* Begin PBXContainerItemProxy section */
		1BA445A020C314F4000A4DE3 /* PBXContainerItemProxy */ = {
			isa = PBXContainerItemProxy;
			containerPortal = 1BA4458020C314F3000A4DE3 /* Project object */;
			proxyType = 1;
			remoteGlobalIDString = 1BA4458720C314F3000A4DE3;
			remoteInfo = DreamLister;
		};
		1BA445AB20C314F4000A4DE3 /* PBXContainerItemProxy */ = {
			isa = PBXContainerItemProxy;
			containerPortal = 1BA4458020C314F3000A4DE3 /* Project object */;
			proxyType = 1;
			remoteGlobalIDString = 1BA4458720C314F3000A4DE3;
			remoteInfo = DreamLister;
		};
/* End PBXContainerItemProxy section */

/* Begin PBXFileReference section */
		1B301F6F20C734DC00F07805 /* CustomTextField.swift */ = {isa = PBXFileReference; fileEncoding = 4; lastKnownFileType = sourcecode.swift; path = CustomTextField.swift; sourceTree = "<group>"; };
		1BA4458820C314F3000A4DE3 /* DreamLister.app */ = {isa = PBXFileReference; explicitFileType = wrapper.application; includeInIndex = 0; path = DreamLister.app; sourceTree = BUILT_PRODUCTS_DIR; };
		1BA4458B20C314F3000A4DE3 /* AppDelegate.swift */ = {isa = PBXFileReference; lastKnownFileType = sourcecode.swift; path = AppDelegate.swift; sourceTree = "<group>"; };
		1BA4458D20C314F3000A4DE3 /* MainVC.swift */ = {isa = PBXFileReference; lastKnownFileType = sourcecode.swift; path = MainVC.swift; sourceTree = "<group>"; };
		1BA4459020C314F3000A4DE3 /* Base */ = {isa = PBXFileReference; lastKnownFileType = file.storyboard; name = Base; path = Base.lproj/Main.storyboard; sourceTree = "<group>"; };
		1BA4459320C314F3000A4DE3 /* DreamLister.xcdatamodel */ = {isa = PBXFileReference; lastKnownFileType = wrapper.xcdatamodel; path = DreamLister.xcdatamodel; sourceTree = "<group>"; };
		1BA4459520C314F4000A4DE3 /* Assets.xcassets */ = {isa = PBXFileReference; lastKnownFileType = folder.assetcatalog; path = Assets.xcassets; sourceTree = "<group>"; };
		1BA4459820C314F4000A4DE3 /* Base */ = {isa = PBXFileReference; lastKnownFileType = file.storyboard; name = Base; path = Base.lproj/LaunchScreen.storyboard; sourceTree = "<group>"; };
		1BA4459A20C314F4000A4DE3 /* Info.plist */ = {isa = PBXFileReference; lastKnownFileType = text.plist.xml; path = Info.plist; sourceTree = "<group>"; };
		1BA4459F20C314F4000A4DE3 /* DreamListerTests.xctest */ = {isa = PBXFileReference; explicitFileType = wrapper.cfbundle; includeInIndex = 0; path = DreamListerTests.xctest; sourceTree = BUILT_PRODUCTS_DIR; };
		1BA445A320C314F4000A4DE3 /* DreamListerTests.swift */ = {isa = PBXFileReference; lastKnownFileType = sourcecode.swift; path = DreamListerTests.swift; sourceTree = "<group>"; };
		1BA445A520C314F4000A4DE3 /* Info.plist */ = {isa = PBXFileReference; lastKnownFileType = text.plist.xml; path = Info.plist; sourceTree = "<group>"; };
		1BA445AA20C314F4000A4DE3 /* DreamListerUITests.xctest */ = {isa = PBXFileReference; explicitFileType = wrapper.cfbundle; includeInIndex = 0; path = DreamListerUITests.xctest; sourceTree = BUILT_PRODUCTS_DIR; };
		1BA445AE20C314F4000A4DE3 /* DreamListerUITests.swift */ = {isa = PBXFileReference; lastKnownFileType = sourcecode.swift; path = DreamListerUITests.swift; sourceTree = "<group>"; };
		1BA445B020C314F4000A4DE3 /* Info.plist */ = {isa = PBXFileReference; lastKnownFileType = text.plist.xml; path = Info.plist; sourceTree = "<group>"; };
		1BA445CF20C34E41000A4DE3 /* MaterialView.swift */ = {isa = PBXFileReference; lastKnownFileType = sourcecode.swift; path = MaterialView.swift; sourceTree = "<group>"; };
		1BA445D120C3570D000A4DE3 /* ItemType+CoreDataClass.swift */ = {isa = PBXFileReference; lastKnownFileType = sourcecode.swift; path = "ItemType+CoreDataClass.swift"; sourceTree = "<group>"; };
		1BA445D220C3570D000A4DE3 /* ItemType+CoreDataProperties.swift */ = {isa = PBXFileReference; lastKnownFileType = sourcecode.swift; path = "ItemType+CoreDataProperties.swift"; sourceTree = "<group>"; };
		1BA445D320C3570D000A4DE3 /* Item+CoreDataClass.swift */ = {isa = PBXFileReference; lastKnownFileType = sourcecode.swift; path = "Item+CoreDataClass.swift"; sourceTree = "<group>"; };
		1BA445D420C3570D000A4DE3 /* Item+CoreDataProperties.swift */ = {isa = PBXFileReference; lastKnownFileType = sourcecode.swift; path = "Item+CoreDataProperties.swift"; sourceTree = "<group>"; };
		1BA445D520C3570D000A4DE3 /* Store+CoreDataClass.swift */ = {isa = PBXFileReference; lastKnownFileType = sourcecode.swift; path = "Store+CoreDataClass.swift"; sourceTree = "<group>"; };
		1BA445D620C3570D000A4DE3 /* Store+CoreDataProperties.swift */ = {isa = PBXFileReference; lastKnownFileType = sourcecode.swift; path = "Store+CoreDataProperties.swift"; sourceTree = "<group>"; };
		1BA445D720C3570D000A4DE3 /* Image+CoreDataClass.swift */ = {isa = PBXFileReference; lastKnownFileType = sourcecode.swift; path = "Image+CoreDataClass.swift"; sourceTree = "<group>"; };
		1BA445D820C3570D000A4DE3 /* Image+CoreDataProperties.swift */ = {isa = PBXFileReference; lastKnownFileType = sourcecode.swift; path = "Image+CoreDataProperties.swift"; sourceTree = "<group>"; };
		1BA445E120C4077F000A4DE3 /* ItemCell.swift */ = {isa = PBXFileReference; lastKnownFileType = sourcecode.swift; path = ItemCell.swift; sourceTree = "<group>"; };
		1BA445E420C72E5B000A4DE3 /* ItemsDetailsVC.swift */ = {isa = PBXFileReference; lastKnownFileType = sourcecode.swift; path = ItemsDetailsVC.swift; sourceTree = "<group>"; };
/* End PBXFileReference section */

/* Begin PBXFrameworksBuildPhase section */
		1BA4458520C314F3000A4DE3 /* Frameworks */ = {
			isa = PBXFrameworksBuildPhase;
			buildActionMask = 2147483647;
			files = (
			);
			runOnlyForDeploymentPostprocessing = 0;
		};
		1BA4459C20C314F4000A4DE3 /* Frameworks */ = {
			isa = PBXFrameworksBuildPhase;
			buildActionMask = 2147483647;
			files = (
			);
			runOnlyForDeploymentPostprocessing = 0;
		};
		1BA445A720C314F4000A4DE3 /* Frameworks */ = {
			isa = PBXFrameworksBuildPhase;
			buildActionMask = 2147483647;
			files = (
			);
			runOnlyForDeploymentPostprocessing = 0;
		};
/* End PBXFrameworksBuildPhase section */

/* Begin PBXGroup section */
		1BA4457F20C314F3000A4DE3 = {
			isa = PBXGroup;
			children = (
				1BA4458A20C314F3000A4DE3 /* DreamLister */,
				1BA445A220C314F4000A4DE3 /* DreamListerTests */,
				1BA445AD20C314F4000A4DE3 /* DreamListerUITests */,
				1BA4458920C314F3000A4DE3 /* Products */,
			);
			sourceTree = "<group>";
		};
		1BA4458920C314F3000A4DE3 /* Products */ = {
			isa = PBXGroup;
			children = (
				1BA4458820C314F3000A4DE3 /* DreamLister.app */,
				1BA4459F20C314F4000A4DE3 /* DreamListerTests.xctest */,
				1BA445AA20C314F4000A4DE3 /* DreamListerUITests.xctest */,
			);
			name = Products;
			sourceTree = "<group>";
		};
		1BA4458A20C314F3000A4DE3 /* DreamLister */ = {
			isa = PBXGroup;
			children = (
				1BA445CE20C34E0C000A4DE3 /* View */,
				1BA445CC20C343B2000A4DE3 /* Model */,
				1BA445CD20C343BA000A4DE3 /* Generated */,
				1BA445E320C72DE0000A4DE3 /* Controller */,
				1BA4458B20C314F3000A4DE3 /* AppDelegate.swift */,
				1BA4458F20C314F3000A4DE3 /* Main.storyboard */,
				1BA4459520C314F4000A4DE3 /* Assets.xcassets */,
				1BA4459720C314F4000A4DE3 /* LaunchScreen.storyboard */,
				1BA4459A20C314F4000A4DE3 /* Info.plist */,
				1BA4459220C314F3000A4DE3 /* DreamLister.xcdatamodeld */,
			);
			path = DreamLister;
			sourceTree = "<group>";
		};
		1BA445A220C314F4000A4DE3 /* DreamListerTests */ = {
			isa = PBXGroup;
			children = (
				1BA445A320C314F4000A4DE3 /* DreamListerTests.swift */,
				1BA445A520C314F4000A4DE3 /* Info.plist */,
			);
			path = DreamListerTests;
			sourceTree = "<group>";
		};
		1BA445AD20C314F4000A4DE3 /* DreamListerUITests */ = {
			isa = PBXGroup;
			children = (
				1BA445AE20C314F4000A4DE3 /* DreamListerUITests.swift */,
				1BA445B020C314F4000A4DE3 /* Info.plist */,
			);
			path = DreamListerUITests;
			sourceTree = "<group>";
		};
		1BA445CC20C343B2000A4DE3 /* Model */ = {
			isa = PBXGroup;
			children = (
				1BA445D120C3570D000A4DE3 /* ItemType+CoreDataClass.swift */,
				1BA445D320C3570D000A4DE3 /* Item+CoreDataClass.swift */,
				1BA445D520C3570D000A4DE3 /* Store+CoreDataClass.swift */,
				1BA445D720C3570D000A4DE3 /* Image+CoreDataClass.swift */,
			);
			path = Model;
			sourceTree = "<group>";
		};
		1BA445CD20C343BA000A4DE3 /* Generated */ = {
			isa = PBXGroup;
			children = (
				1BA445D220C3570D000A4DE3 /* ItemType+CoreDataProperties.swift */,
				1BA445D420C3570D000A4DE3 /* Item+CoreDataProperties.swift */,
				1BA445D620C3570D000A4DE3 /* Store+CoreDataProperties.swift */,
				1BA445D820C3570D000A4DE3 /* Image+CoreDataProperties.swift */,
			);
			path = Generated;
			sourceTree = "<group>";
		};
		1BA445CE20C34E0C000A4DE3 /* View */ = {
			isa = PBXGroup;
			children = (
				1B301F6F20C734DC00F07805 /* CustomTextField.swift */,
				1BA445CF20C34E41000A4DE3 /* MaterialView.swift */,
				1BA445E120C4077F000A4DE3 /* ItemCell.swift */,
			);
			path = View;
			sourceTree = "<group>";
		};
		1BA445E320C72DE0000A4DE3 /* Controller */ = {
			isa = PBXGroup;
			children = (
				1BA4458D20C314F3000A4DE3 /* MainVC.swift */,
				1BA445E420C72E5B000A4DE3 /* ItemsDetailsVC.swift */,
			);
			path = Controller;
			sourceTree = "<group>";
		};
/* End PBXGroup section */

/* Begin PBXNativeTarget section */
		1BA4458720C314F3000A4DE3 /* DreamLister */ = {
			isa = PBXNativeTarget;
			buildConfigurationList = 1BA445B320C314F4000A4DE3 /* Build configuration list for PBXNativeTarget "DreamLister" */;
			buildPhases = (
				1BA4458420C314F3000A4DE3 /* Sources */,
				1BA4458520C314F3000A4DE3 /* Frameworks */,
				1BA4458620C314F3000A4DE3 /* Resources */,
			);
			buildRules = (
			);
			dependencies = (
			);
			name = DreamLister;
			productName = DreamLister;
			productReference = 1BA4458820C314F3000A4DE3 /* DreamLister.app */;
			productType = "com.apple.product-type.application";
		};
		1BA4459E20C314F4000A4DE3 /* DreamListerTests */ = {
			isa = PBXNativeTarget;
			buildConfigurationList = 1BA445B620C314F4000A4DE3 /* Build configuration list for PBXNativeTarget "DreamListerTests" */;
			buildPhases = (
				1BA4459B20C314F4000A4DE3 /* Sources */,
				1BA4459C20C314F4000A4DE3 /* Frameworks */,
				1BA4459D20C314F4000A4DE3 /* Resources */,
			);
			buildRules = (
			);
			dependencies = (
				1BA445A120C314F4000A4DE3 /* PBXTargetDependency */,
			);
			name = DreamListerTests;
			productName = DreamListerTests;
			productReference = 1BA4459F20C314F4000A4DE3 /* DreamListerTests.xctest */;
			productType = "com.apple.product-type.bundle.unit-test";
		};
		1BA445A920C314F4000A4DE3 /* DreamListerUITests */ = {
			isa = PBXNativeTarget;
			buildConfigurationList = 1BA445B920C314F4000A4DE3 /* Build configuration list for PBXNativeTarget "DreamListerUITests" */;
			buildPhases = (
				1BA445A620C314F4000A4DE3 /* Sources */,
				1BA445A720C314F4000A4DE3 /* Frameworks */,
				1BA445A820C314F4000A4DE3 /* Resources */,
			);
			buildRules = (
			);
			dependencies = (
				1BA445AC20C314F4000A4DE3 /* PBXTargetDependency */,
			);
			name = DreamListerUITests;
			productName = DreamListerUITests;
			productReference = 1BA445AA20C314F4000A4DE3 /* DreamListerUITests.xctest */;
			productType = "com.apple.product-type.bundle.ui-testing";
		};
/* End PBXNativeTarget section */

/* Begin PBXProject section */
		1BA4458020C314F3000A4DE3 /* Project object */ = {
			isa = PBXProject;
			attributes = {
				LastSwiftUpdateCheck = 0930;
				LastUpgradeCheck = 0930;
				ORGANIZATIONNAME = "Sagar Duhan";
				TargetAttributes = {
					1BA4458720C314F3000A4DE3 = {
						CreatedOnToolsVersion = 9.3.1;
					};
					1BA4459E20C314F4000A4DE3 = {
						CreatedOnToolsVersion = 9.3.1;
						TestTargetID = 1BA4458720C314F3000A4DE3;
					};
					1BA445A920C314F4000A4DE3 = {
						CreatedOnToolsVersion = 9.3.1;
						TestTargetID = 1BA4458720C314F3000A4DE3;
					};
				};
			};
			buildConfigurationList = 1BA4458320C314F3000A4DE3 /* Build configuration list for PBXProject "DreamLister" */;
			compatibilityVersion = "Xcode 9.3";
			developmentRegion = en;
			hasScannedForEncodings = 0;
			knownRegions = (
				en,
				Base,
			);
			mainGroup = 1BA4457F20C314F3000A4DE3;
			productRefGroup = 1BA4458920C314F3000A4DE3 /* Products */;
			projectDirPath = "";
			projectRoot = "";
			targets = (
				1BA4458720C314F3000A4DE3 /* DreamLister */,
				1BA4459E20C314F4000A4DE3 /* DreamListerTests */,
				1BA445A920C314F4000A4DE3 /* DreamListerUITests */,
			);
		};
/* End PBXProject section */

/* Begin PBXResourcesBuildPhase section */
		1BA4458620C314F3000A4DE3 /* Resources */ = {
			isa = PBXResourcesBuildPhase;
			buildActionMask = 2147483647;
			files = (
				1BA4459920C314F4000A4DE3 /* LaunchScreen.storyboard in Resources */,
				1BA4459620C314F4000A4DE3 /* Assets.xcassets in Resources */,
				1BA4459120C314F3000A4DE3 /* Main.storyboard in Resources */,
			);
			runOnlyForDeploymentPostprocessing = 0;
		};
		1BA4459D20C314F4000A4DE3 /* Resources */ = {
			isa = PBXResourcesBuildPhase;
			buildActionMask = 2147483647;
			files = (
			);
			runOnlyForDeploymentPostprocessing = 0;
		};
		1BA445A820C314F4000A4DE3 /* Resources */ = {
			isa = PBXResourcesBuildPhase;
			buildActionMask = 2147483647;
			files = (
			);
			runOnlyForDeploymentPostprocessing = 0;
		};
/* End PBXResourcesBuildPhase section */

/* Begin PBXSourcesBuildPhase section */
		1BA4458420C314F3000A4DE3 /* Sources */ = {
			isa = PBXSourcesBuildPhase;
			buildActionMask = 2147483647;
			files = (
				1BA445E220C4077F000A4DE3 /* ItemCell.swift in Sources */,
				1BA4458E20C314F3000A4DE3 /* MainVC.swift in Sources */,
				1BA4458C20C314F3000A4DE3 /* AppDelegate.swift in Sources */,
				1BA445DC20C3570D000A4DE3 /* Item+CoreDataProperties.swift in Sources */,
				1BA445E520C72E5B000A4DE3 /* ItemsDetailsVC.swift in Sources */,
				1BA445E020C3570D000A4DE3 /* Image+CoreDataProperties.swift in Sources */,
				1BA445DA20C3570D000A4DE3 /* ItemType+CoreDataProperties.swift in Sources */,
				1BA445DD20C3570D000A4DE3 /* Store+CoreDataClass.swift in Sources */,
				1BA445DF20C3570D000A4DE3 /* Image+CoreDataClass.swift in Sources */,
				1BA445DE20C3570D000A4DE3 /* Store+CoreDataProperties.swift in Sources */,
				1BA445D920C3570D000A4DE3 /* ItemType+CoreDataClass.swift in Sources */,
				1BA445D020C34E41000A4DE3 /* MaterialView.swift in Sources */,
				1BA4459420C314F3000A4DE3 /* DreamLister.xcdatamodeld in Sources */,
				1BA445DB20C3570D000A4DE3 /* Item+CoreDataClass.swift in Sources */,
				1B301F7020C734DC00F07805 /* CustomTextField.swift in Sources */,
			);
			runOnlyForDeploymentPostprocessing = 0;
		};
		1BA4459B20C314F4000A4DE3 /* Sources */ = {
			isa = PBXSourcesBuildPhase;
			buildActionMask = 2147483647;
			files = (
				1BA445A420C314F4000A4DE3 /* DreamListerTests.swift in Sources */,
			);
			runOnlyForDeploymentPostprocessing = 0;
		};
		1BA445A620C314F4000A4DE3 /* Sources */ = {
			isa = PBXSourcesBuildPhase;
			buildActionMask = 2147483647;
			files = (
				1BA445AF20C314F4000A4DE3 /* DreamListerUITests.swift in Sources */,
			);
			runOnlyForDeploymentPostprocessing = 0;
		};
/* End PBXSourcesBuildPhase section */

/* Begin PBXTargetDependency section */
		1BA445A120C314F4000A4DE3 /* PBXTargetDependency */ = {
			isa = PBXTargetDependency;
			target = 1BA4458720C314F3000A4DE3 /* DreamLister */;
			targetProxy = 1BA445A020C314F4000A4DE3 /* PBXContainerItemProxy */;
		};
		1BA445AC20C314F4000A4DE3 /* PBXTargetDependency */ = {
			isa = PBXTargetDependency;
			target = 1BA4458720C314F3000A4DE3 /* DreamLister */;
			targetProxy = 1BA445AB20C314F4000A4DE3 /* PBXContainerItemProxy */;
		};
/* End PBXTargetDependency section */

/* Begin PBXVariantGroup section */
		1BA4458F20C314F3000A4DE3 /* Main.storyboard */ = {
			isa = PBXVariantGroup;
			children = (
				1BA4459020C314F3000A4DE3 /* Base */,
			);
			name = Main.storyboard;
			sourceTree = "<group>";
		};
		1BA4459720C314F4000A4DE3 /* LaunchScreen.storyboard */ = {
			isa = PBXVariantGroup;
			children = (
				1BA4459820C314F4000A4DE3 /* Base */,
			);
			name = LaunchScreen.storyboard;
			sourceTree = "<group>";
		};
/* End PBXVariantGroup section */

/* Begin XCBuildConfiguration section */
		1BA445B120C314F4000A4DE3 /* Debug */ = {
			isa = XCBuildConfiguration;
			buildSettings = {
				ALWAYS_SEARCH_USER_PATHS = NO;
				CLANG_ANALYZER_NONNULL = YES;
				CLANG_ANALYZER_NUMBER_OBJECT_CONVERSION = YES_AGGRESSIVE;
				CLANG_CXX_LANGUAGE_STANDARD = "gnu++14";
				CLANG_CXX_LIBRARY = "libc++";
				CLANG_ENABLE_MODULES = YES;
				CLANG_ENABLE_OBJC_ARC = YES;
				CLANG_ENABLE_OBJC_WEAK = YES;
				CLANG_WARN_BLOCK_CAPTURE_AUTORELEASING = YES;
				CLANG_WARN_BOOL_CONVERSION = YES;
				CLANG_WARN_COMMA = YES;
				CLANG_WARN_CONSTANT_CONVERSION = YES;
				CLANG_WARN_DEPRECATED_OBJC_IMPLEMENTATIONS = YES;
				CLANG_WARN_DIRECT_OBJC_ISA_USAGE = YES_ERROR;
				CLANG_WARN_DOCUMENTATION_COMMENTS = YES;
				CLANG_WARN_EMPTY_BODY = YES;
				CLANG_WARN_ENUM_CONVERSION = YES;
				CLANG_WARN_INFINITE_RECURSION = YES;
				CLANG_WARN_INT_CONVERSION = YES;
				CLANG_WARN_NON_LITERAL_NULL_CONVERSION = YES;
				CLANG_WARN_OBJC_IMPLICIT_RETAIN_SELF = YES;
				CLANG_WARN_OBJC_LITERAL_CONVERSION = YES;
				CLANG_WARN_OBJC_ROOT_CLASS = YES_ERROR;
				CLANG_WARN_RANGE_LOOP_ANALYSIS = YES;
				CLANG_WARN_STRICT_PROTOTYPES = YES;
				CLANG_WARN_SUSPICIOUS_MOVE = YES;
				CLANG_WARN_UNGUARDED_AVAILABILITY = YES_AGGRESSIVE;
				CLANG_WARN_UNREACHABLE_CODE = YES;
				CLANG_WARN__DUPLICATE_METHOD_MATCH = YES;
				CODE_SIGN_IDENTITY = "iPhone Developer";
				COPY_PHASE_STRIP = NO;
				DEBUG_INFORMATION_FORMAT = dwarf;
				ENABLE_STRICT_OBJC_MSGSEND = YES;
				ENABLE_TESTABILITY = YES;
				GCC_C_LANGUAGE_STANDARD = gnu11;
				GCC_DYNAMIC_NO_PIC = NO;
				GCC_NO_COMMON_BLOCKS = YES;
				GCC_OPTIMIZATION_LEVEL = 0;
				GCC_PREPROCESSOR_DEFINITIONS = (
					"DEBUG=1",
					"$(inherited)",
				);
				GCC_WARN_64_TO_32_BIT_CONVERSION = YES;
				GCC_WARN_ABOUT_RETURN_TYPE = YES_ERROR;
				GCC_WARN_UNDECLARED_SELECTOR = YES;
				GCC_WARN_UNINITIALIZED_AUTOS = YES_AGGRESSIVE;
				GCC_WARN_UNUSED_FUNCTION = YES;
				GCC_WARN_UNUSED_VARIABLE = YES;
				IPHONEOS_DEPLOYMENT_TARGET = 11.3;
				MTL_ENABLE_DEBUG_INFO = YES;
				ONLY_ACTIVE_ARCH = YES;
				SDKROOT = iphoneos;
				SWIFT_ACTIVE_COMPILATION_CONDITIONS = DEBUG;
				SWIFT_OPTIMIZATION_LEVEL = "-Onone";
			};
			name = Debug;
		};
		1BA445B220C314F4000A4DE3 /* Release */ = {
			isa = XCBuildConfiguration;
			buildSettings = {
				ALWAYS_SEARCH_USER_PATHS = NO;
				CLANG_ANALYZER_NONNULL = YES;
				CLANG_ANALYZER_NUMBER_OBJECT_CONVERSION = YES_AGGRESSIVE;
				CLANG_CXX_LANGUAGE_STANDARD = "gnu++14";
				CLANG_CXX_LIBRARY = "libc++";
				CLANG_ENABLE_MODULES = YES;
				CLANG_ENABLE_OBJC_ARC = YES;
				CLANG_ENABLE_OBJC_WEAK = YES;
				CLANG_WARN_BLOCK_CAPTURE_AUTORELEASING = YES;
				CLANG_WARN_BOOL_CONVERSION = YES;
				CLANG_WARN_COMMA = YES;
				CLANG_WARN_CONSTANT_CONVERSION = YES;
				CLANG_WARN_DEPRECATED_OBJC_IMPLEMENTATIONS = YES;
				CLANG_WARN_DIRECT_OBJC_ISA_USAGE = YES_ERROR;
				CLANG_WARN_DOCUMENTATION_COMMENTS = YES;
				CLANG_WARN_EMPTY_BODY = YES;
				CLANG_WARN_ENUM_CONVERSION = YES;
				CLANG_WARN_INFINITE_RECURSION = YES;
				CLANG_WARN_INT_CONVERSION = YES;
				CLANG_WARN_NON_LITERAL_NULL_CONVERSION = YES;
				CLANG_WARN_OBJC_IMPLICIT_RETAIN_SELF = YES;
				CLANG_WARN_OBJC_LITERAL_CONVERSION = YES;
				CLANG_WARN_OBJC_ROOT_CLASS = YES_ERROR;
				CLANG_WARN_RANGE_LOOP_ANALYSIS = YES;
				CLANG_WARN_STRICT_PROTOTYPES = YES;
				CLANG_WARN_SUSPICIOUS_MOVE = YES;
				CLANG_WARN_UNGUARDED_AVAILABILITY = YES_AGGRESSIVE;
				CLANG_WARN_UNREACHABLE_CODE = YES;
				CLANG_WARN__DUPLICATE_METHOD_MATCH = YES;
				CODE_SIGN_IDENTITY = "iPhone Developer";
				COPY_PHASE_STRIP = NO;
				DEBUG_INFORMATION_FORMAT = "dwarf-with-dsym";
				ENABLE_NS_ASSERTIONS = NO;
				ENABLE_STRICT_OBJC_MSGSEND = YES;
				GCC_C_LANGUAGE_STANDARD = gnu11;
				GCC_NO_COMMON_BLOCKS = YES;
				GCC_WARN_64_TO_32_BIT_CONVERSION = YES;
				GCC_WARN_ABOUT_RETURN_TYPE = YES_ERROR;
				GCC_WARN_UNDECLARED_SELECTOR = YES;
				GCC_WARN_UNINITIALIZED_AUTOS = YES_AGGRESSIVE;
				GCC_WARN_UNUSED_FUNCTION = YES;
				GCC_WARN_UNUSED_VARIABLE = YES;
				IPHONEOS_DEPLOYMENT_TARGET = 11.3;
				MTL_ENABLE_DEBUG_INFO = NO;
				SDKROOT = iphoneos;
				SWIFT_COMPILATION_MODE = wholemodule;
				SWIFT_OPTIMIZATION_LEVEL = "-O";
				VALIDATE_PRODUCT = YES;
			};
			name = Release;
		};
		1BA445B420C314F4000A4DE3 /* Debug */ = {
			isa = XCBuildConfiguration;
			buildSettings = {
				ASSETCATALOG_COMPILER_APPICON_NAME = AppIcon;
				CODE_SIGN_STYLE = Automatic;
				INFOPLIST_FILE = DreamLister/Info.plist;
				LD_RUNPATH_SEARCH_PATHS = (
					"$(inherited)",
					"@executable_path/Frameworks",
				);
				PRODUCT_BUNDLE_IDENTIFIER = com.sagarduhan.DreamLister;
				PRODUCT_NAME = "$(TARGET_NAME)";
				SWIFT_VERSION = 4.0;
				TARGETED_DEVICE_FAMILY = "1,2";
			};
			name = Debug;
		};
		1BA445B520C314F4000A4DE3 /* Release */ = {
			isa = XCBuildConfiguration;
			buildSettings = {
				ASSETCATALOG_COMPILER_APPICON_NAME = AppIcon;
				CODE_SIGN_STYLE = Automatic;
				INFOPLIST_FILE = DreamLister/Info.plist;
				LD_RUNPATH_SEARCH_PATHS = (
					"$(inherited)",
					"@executable_path/Frameworks",
				);
				PRODUCT_BUNDLE_IDENTIFIER = com.sagarduhan.DreamLister;
				PRODUCT_NAME = "$(TARGET_NAME)";
				SWIFT_VERSION = 4.0;
				TARGETED_DEVICE_FAMILY = "1,2";
			};
			name = Release;
		};
		1BA445B720C314F4000A4DE3 /* Debug */ = {
			isa = XCBuildConfiguration;
			buildSettings = {
				ALWAYS_EMBED_SWIFT_STANDARD_LIBRARIES = YES;
				BUNDLE_LOADER = "$(TEST_HOST)";
				CODE_SIGN_STYLE = Automatic;
				INFOPLIST_FILE = DreamListerTests/Info.plist;
				LD_RUNPATH_SEARCH_PATHS = (
					"$(inherited)",
					"@executable_path/Frameworks",
					"@loader_path/Frameworks",
				);
				PRODUCT_BUNDLE_IDENTIFIER = com.sagarduhan.DreamListerTests;
				PRODUCT_NAME = "$(TARGET_NAME)";
				SWIFT_VERSION = 4.0;
				TARGETED_DEVICE_FAMILY = "1,2";
				TEST_HOST = "$(BUILT_PRODUCTS_DIR)/DreamLister.app/DreamLister";
			};
			name = Debug;
		};
		1BA445B820C314F4000A4DE3 /* Release */ = {
			isa = XCBuildConfiguration;
			buildSettings = {
				ALWAYS_EMBED_SWIFT_STANDARD_LIBRARIES = YES;
				BUNDLE_LOADER = "$(TEST_HOST)";
				CODE_SIGN_STYLE = Automatic;
				INFOPLIST_FILE = DreamListerTests/Info.plist;
				LD_RUNPATH_SEARCH_PATHS = (
					"$(inherited)",
					"@executable_path/Frameworks",
					"@loader_path/Frameworks",
				);
				PRODUCT_BUNDLE_IDENTIFIER = com.sagarduhan.DreamListerTests;
				PRODUCT_NAME = "$(TARGET_NAME)";
				SWIFT_VERSION = 4.0;
				TARGETED_DEVICE_FAMILY = "1,2";
				TEST_HOST = "$(BUILT_PRODUCTS_DIR)/DreamLister.app/DreamLister";
			};
			name = Release;
		};
		1BA445BA20C314F4000A4DE3 /* Debug */ = {
			isa = XCBuildConfiguration;
			buildSettings = {
				ALWAYS_EMBED_SWIFT_STANDARD_LIBRARIES = YES;
				CODE_SIGN_STYLE = Automatic;
				INFOPLIST_FILE = DreamListerUITests/Info.plist;
				LD_RUNPATH_SEARCH_PATHS = (
					"$(inherited)",
					"@executable_path/Frameworks",
					"@loader_path/Frameworks",
				);
				PRODUCT_BUNDLE_IDENTIFIER = com.sagarduhan.DreamListerUITests;
				PRODUCT_NAME = "$(TARGET_NAME)";
				SWIFT_VERSION = 4.0;
				TARGETED_DEVICE_FAMILY = "1,2";
				TEST_TARGET_NAME = DreamLister;
			};
			name = Debug;
		};
		1BA445BB20C314F4000A4DE3 /* Release */ = {
			isa = XCBuildConfiguration;
			buildSettings = {
				ALWAYS_EMBED_SWIFT_STANDARD_LIBRARIES = YES;
				CODE_SIGN_STYLE = Automatic;
				INFOPLIST_FILE = DreamListerUITests/Info.plist;
				LD_RUNPATH_SEARCH_PATHS = (
					"$(inherited)",
					"@executable_path/Frameworks",
					"@loader_path/Frameworks",
				);
				PRODUCT_BUNDLE_IDENTIFIER = com.sagarduhan.DreamListerUITests;
				PRODUCT_NAME = "$(TARGET_NAME)";
				SWIFT_VERSION = 4.0;
				TARGETED_DEVICE_FAMILY = "1,2";
				TEST_TARGET_NAME = DreamLister;
			};
			name = Release;
		};
/* End XCBuildConfiguration section */

/* Begin XCConfigurationList section */
		1BA4458320C314F3000A4DE3 /* Build configuration list for PBXProject "DreamLister" */ = {
			isa = XCConfigurationList;
			buildConfigurations = (
				1BA445B120C314F4000A4DE3 /* Debug */,
				1BA445B220C314F4000A4DE3 /* Release */,
			);
			defaultConfigurationIsVisible = 0;
			defaultConfigurationName = Release;
		};
		1BA445B320C314F4000A4DE3 /* Build configuration list for PBXNativeTarget "DreamLister" */ = {
			isa = XCConfigurationList;
			buildConfigurations = (
				1BA445B420C314F4000A4DE3 /* Debug */,
				1BA445B520C314F4000A4DE3 /* Release */,
			);
			defaultConfigurationIsVisible = 0;
			defaultConfigurationName = Release;
		};
		1BA445B620C314F4000A4DE3 /* Build configuration list for PBXNativeTarget "DreamListerTests" */ = {
			isa = XCConfigurationList;
			buildConfigurations = (
				1BA445B720C314F4000A4DE3 /* Debug */,
				1BA445B820C314F4000A4DE3 /* Release */,
			);
			defaultConfigurationIsVisible = 0;
			defaultConfigurationName = Release;
		};
		1BA445B920C314F4000A4DE3 /* Build configuration list for PBXNativeTarget "DreamListerUITests" */ = {
			isa = XCConfigurationList;
			buildConfigurations = (
				1BA445BA20C314F4000A4DE3 /* Debug */,
				1BA445BB20C314F4000A4DE3 /* Release */,
			);
			defaultConfigurationIsVisible = 0;
			defaultConfigurationName = Release;
		};
/* End XCConfigurationList section */

/* Begin XCVersionGroup section */
		1BA4459220C314F3000A4DE3 /* DreamLister.xcdatamodeld */ = {
			isa = XCVersionGroup;
			children = (
				1BA4459320C314F3000A4DE3 /* DreamLister.xcdatamodel */,
			);
			currentVersion = 1BA4459320C314F3000A4DE3 /* DreamLister.xcdatamodel */;
			path = DreamLister.xcdatamodeld;
			sourceTree = "<group>";
			versionGroupType = wrapper.xcdatamodel;
		};
/* End XCVersionGroup section */
	};
	rootObject = 1BA4458020C314F3000A4DE3 /* Project object */;
}
